
Microsoft Visual Studio Solution File, Format Version 12.00
# Visual Studio Version 17
VisualStudioVersion = 17.0.31903.59
MinimumVisualStudioVersion = 10.0.40219.1
Project("{F2A71F9B-5D33-465A-A702-920D77279786}") = "sempar", "sempar\sempar.fsproj", "{0AE05B1A-D023-46C1-B57B-4D459035B679}"
EndProject
Project("{F2A71F9B-5D33-465A-A702-920D77279786}") = "anutra-dsl", "antura-dsl\antura-dsl.fsproj", "{A99AB2B1-2409-4053-A88F-D4534B286977}"
EndProject
Project("{F2A71F9B-5D33-465A-A702-920D77279786}") = "Tests", "Tests\Tests.fsproj", "{677A3E5D-F98C-42EA-BCF2-155C978A4213}"
EndProject
Project("{F2A71F9B-5D33-465A-A702-920D77279786}") = "simplify-arith", "simplify-arith\simplify-arith.fsproj", "{C3B8EDF8-9FBB-475D-B684-F9A35673E0A5}"
EndProject
Global
	GlobalSection(SolutionConfigurationPlatforms) = preSolution
		Debug|Any CPU = Debug|Any CPU
		Release|Any CPU = Release|Any CPU
	EndGlobalSection
	GlobalSection(SolutionProperties) = preSolution
		HideSolutionNode = FALSE
	EndGlobalSection
	GlobalSection(ProjectConfigurationPlatforms) = postSolution
		{0AE05B1A-D023-46C1-B57B-4D459035B679}.Debug|Any CPU.ActiveCfg = Debug|Any CPU
		{0AE05B1A-D023-46C1-B57B-4D459035B679}.Debug|Any CPU.Build.0 = Debug|Any CPU
		{0AE05B1A-D023-46C1-B57B-4D459035B679}.Release|Any CPU.ActiveCfg = Release|Any CPU
		{0AE05B1A-D023-46C1-B57B-4D459035B679}.Release|Any CPU.Build.0 = Release|Any CPU
		{A99AB2B1-2409-4053-A88F-D4534B286977}.Debug|Any CPU.ActiveCfg = Debug|Any CPU
		{A99AB2B1-2409-4053-A88F-D4534B286977}.Debug|Any CPU.Build.0 = Debug|Any CPU
		{A99AB2B1-2409-4053-A88F-D4534B286977}.Release|Any CPU.ActiveCfg = Release|Any CPU
		{A99AB2B1-2409-4053-A88F-D4534B286977}.Release|Any CPU.Build.0 = Release|Any CPU
		{677A3E5D-F98C-42EA-BCF2-155C978A4213}.Debug|Any CPU.ActiveCfg = Debug|Any CPU
		{677A3E5D-F98C-42EA-BCF2-155C978A4213}.Debug|Any CPU.Build.0 = Debug|Any CPU
		{677A3E5D-F98C-42EA-BCF2-155C978A4213}.Release|Any CPU.ActiveCfg = Release|Any CPU
		{677A3E5D-F98C-42EA-BCF2-155C978A4213}.Release|Any CPU.Build.0 = Release|Any CPU
		{C3B8EDF8-9FBB-475D-B684-F9A35673E0A5}.Debug|Any CPU.ActiveCfg = Debug|Any CPU
		{C3B8EDF8-9FBB-475D-B684-F9A35673E0A5}.Debug|Any CPU.Build.0 = Debug|Any CPU
		{C3B8EDF8-9FBB-475D-B684-F9A35673E0A5}.Release|Any CPU.ActiveCfg = Release|Any CPU
		{C3B8EDF8-9FBB-475D-B684-F9A35673E0A5}.Release|Any CPU.Build.0 = Release|Any CPU
	EndGlobalSection
EndGlobal
